# This file is generated by running "yarn install" inside your project.
# Manual changes might be lost - proceed with caution!

__metadata:
  version: 4

"@types/node@npm:*":
  version: 13.7.1
  resolution: "@types/node@npm:13.7.1"
  checksum: 2/93c5252ec2bfd0de52858cfb986695f89a4b16ad341a7885e11f650cb28e879199c620effe4d17dd68aa8944691db491ebe6ff27cd8e87989e762581514067bb
  languageName: node
  linkType: hard

"@types/xml2js@npm:^0.4.5":
  version: 0.4.5
  resolution: "@types/xml2js@npm:0.4.5"
  dependencies:
    "@types/node": "*"
  checksum: 2/f52fa865c236713e46b564df0e70a985cb97e95fe0ec2faf605c7b3384de9ba708aef3f20fc9da9a7436e21b9f2e53a83ec6eb1a4be5cbbd16a24cb89c725384
  languageName: node
  linkType: hard

"data.go.kr@workspace:.":
  version: 0.0.0-use.local
  resolution: "data.go.kr@workspace:."
  dependencies:
    "@types/xml2js": ^0.4.5
    xml2js: ^0.4.23
  languageName: unknown
  linkType: soft

"sax@npm:>=0.6.0":
  version: 1.2.4
  resolution: "sax@npm:1.2.4"
  checksum: 2/9d7668d69105e89e2c1a4b2fdc12c72e1a2f78b825f7b4a8a2ea5cdfebf70920bd17715bed55264c3b3959616a0695f8ad2d098bf6944fbd0953ee9c695dceef
  languageName: node
  linkType: hard

"xml2js@npm:^0.4.23":
  version: 0.4.23
  resolution: "xml2js@npm:0.4.23"
  dependencies:
    sax: ">=0.6.0"
    xmlbuilder: ~11.0.0
  checksum: 2/5e6e53955714a9d094c9f39ac7509706d136a3dae76684059019ca949e131775f69715715879df86b1a49519ffea3805ff2e930596e229c5f6228ce027e8a80e
  languageName: node
  linkType: hard

"xmlbuilder@npm:~11.0.0":
  version: 11.0.1
  resolution: "xmlbuilder@npm:11.0.1"
  checksum: 2/8f479b28b5897d903dc514c45c54c869b2f798c0eb44b11e35f7d6e3e631fb9d7aaaec6b9db6b92b715b4ded00d9d8ed8c08e9fd7e2a5f220b14b7b54403fa10
  languageName: node
  linkType: hard
